
Microsoft Visual Studio Solution File, Format Version 12.00
# Visual Studio Version 17
VisualStudioVersion = 17.14.37710.0 d17.14
MinimumVisualStudioVersion = 10.0.40219.1
Project("{FAE04EC0-301F-11D3-BF4B-00C04F79EFBC}") = "test_score_avg", "test_score_avg\test_score_avg.csproj", "{36840831-0142-4975-BA23-430AA5B616C6}"
EndProject
Global
	GlobalSection(SolutionConfigurationPlatforms) = preSolution
		Debug|Any CPU = Debug|Any CPU
		Release|Any CPU = Release|Any CPU
	EndGlobalSection
	GlobalSection(ProjectConfigurationPlatforms) = postSolution
		{36840831-0142-4975-BA23-430AA5B616C6}.Debug|Any CPU.ActiveCfg = Debug|Any CPU
		{36840831-0142-4975-BA23-430AA5B616C6}.Debug|Any CPU.Build.0 = Debug|Any CPU
		{36840831-0142-4975-BA23-430AA5B616C6}.Release|Any CPU.ActiveCfg = Release|Any CPU
		{36840831-0142-4975-BA23-430AA5B616C6}.Release|Any CPU.Build.0 = Release|Any CPU
	EndGlobalSection
	GlobalSection(SolutionProperties) = preSolution
		HideSolutionNode = FALSE
	EndGlobalSection
	GlobalSection(ExtensibilityGlobals) = postSolution
		SolutionGuid = {7AB69E5C-4CA6-4139-A847-028BC5883279}
	EndGlobalSection
EndGlobal
